// !$*UTF8*$!
{
	archiveVersion = 1;
	classes = {
	};
	objectVersion = 55;
	objects = {

/* Begin PBXBuildFile section */
		BE33D4B029EAAD35002820C8 /* RecogniserView.swift in Sources */ = {isa = PBXBuildFile; fileRef = BE33D4AF29EAAD35002820C8 /* RecogniserView.swift */; };
		BE33D4B529EAB462002820C8 /* UIColorExtension.swift in Sources */ = {isa = PBXBuildFile; fileRef = BE33D4B429EAB462002820C8 /* UIColorExtension.swift */; };
		BE33D4B729EABF15002820C8 /* RecogniserButton.swift in Sources */ = {isa = PBXBuildFile; fileRef = BE33D4B629EABF15002820C8 /* RecogniserButton.swift */; };
		BE33D4B929ED3053002820C8 /* Theme.swift in Sources */ = {isa = PBXBuildFile; fileRef = BE33D4B829ED3053002820C8 /* Theme.swift */; };
		BE33D4BB29ED3D2F002820C8 /* UIFontExtension.swift in Sources */ = {isa = PBXBuildFile; fileRef = BE33D4BA29ED3D2F002820C8 /* UIFontExtension.swift */; };
		BE33D4BD29F4E1E4002820C8 /* ViewExtension.swift in Sources */ = {isa = PBXBuildFile; fileRef = BE33D4BC29F4E1E4002820C8 /* ViewExtension.swift */; };
		BE33D4BF29F4F116002820C8 /* PhotoDetailView.swift in Sources */ = {isa = PBXBuildFile; fileRef = BE33D4BE29F4F116002820C8 /* PhotoDetailView.swift */; };
		BE33D4C129F5DEC1002820C8 /* RecogniseResultDetailView.swift in Sources */ = {isa = PBXBuildFile; fileRef = BE33D4C029F5DEC1002820C8 /* RecogniseResultDetailView.swift */; };
		BE33D4C429F5FA13002820C8 /* ContributeView.swift in Sources */ = {isa = PBXBuildFile; fileRef = BE33D4C329F5FA13002820C8 /* ContributeView.swift */; };
		BE33D4C629F6106E002820C8 /* ContributeTitleView.swift in Sources */ = {isa = PBXBuildFile; fileRef = BE33D4C529F6106E002820C8 /* ContributeTitleView.swift */; };
		BE33D4C829F6113B002820C8 /* ContributeSubmittedView.swift in Sources */ = {isa = PBXBuildFile; fileRef = BE33D4C729F6113B002820C8 /* ContributeSubmittedView.swift */; };
		BE33D4CA29F624FE002820C8 /* ContributeSuccessView.swift in Sources */ = {isa = PBXBuildFile; fileRef = BE33D4C929F624FE002820C8 /* ContributeSuccessView.swift */; };
		BE33D4CE29F62F33002820C8 /* AboutUsView.swift in Sources */ = {isa = PBXBuildFile; fileRef = BE33D4CD29F62F33002820C8 /* AboutUsView.swift */; };
		BE33D4D029F63322002820C8 /* AboutUsTitleView.swift in Sources */ = {isa = PBXBuildFile; fileRef = BE33D4CF29F63322002820C8 /* AboutUsTitleView.swift */; };
		BE33D4D229F68AE5002820C8 /* AboutUsContentView.swift in Sources */ = {isa = PBXBuildFile; fileRef = BE33D4D129F68AE5002820C8 /* AboutUsContentView.swift */; };
		BE33D4D429F7CFB1002820C8 /* ContributeNewView.swift in Sources */ = {isa = PBXBuildFile; fileRef = BE33D4D329F7CFB1002820C8 /* ContributeNewView.swift */; };
		BE5CEF5B2A1054BB005BFAFC /* ContributeSelectPhotoView.swift in Sources */ = {isa = PBXBuildFile; fileRef = BE5CEF5A2A1054BB005BFAFC /* ContributeSelectPhotoView.swift */; };
		BE5CEF5D2A109488005BFAFC /* ContributeBirdInfomationView.swift in Sources */ = {isa = PBXBuildFile; fileRef = BE5CEF5C2A109488005BFAFC /* ContributeBirdInfomationView.swift */; };
		BED5CD3829E01973008F5F8E /* BirdRecogniser_iOSApp.swift in Sources */ = {isa = PBXBuildFile; fileRef = BED5CD3729E01973008F5F8E /* BirdRecogniser_iOSApp.swift */; };
		BED5CD3A29E01973008F5F8E /* ContentView.swift in Sources */ = {isa = PBXBuildFile; fileRef = BED5CD3929E01973008F5F8E /* ContentView.swift */; };
		BED5CD3C29E01974008F5F8E /* Assets.xcassets in Resources */ = {isa = PBXBuildFile; fileRef = BED5CD3B29E01974008F5F8E /* Assets.xcassets */; };
		BED5CD3F29E01974008F5F8E /* Preview Assets.xcassets in Resources */ = {isa = PBXBuildFile; fileRef = BED5CD3E29E01974008F5F8E /* Preview Assets.xcassets */; };
		BED5CD4929E01974008F5F8E /* BirdRecogniser_iOSTests.swift in Sources */ = {isa = PBXBuildFile; fileRef = BED5CD4829E01974008F5F8E /* BirdRecogniser_iOSTests.swift */; };
		BED5CD5329E01974008F5F8E /* BirdRecogniser_iOSUITests.swift in Sources */ = {isa = PBXBuildFile; fileRef = BED5CD5229E01974008F5F8E /* BirdRecogniser_iOSUITests.swift */; };
		BED5CD5529E01974008F5F8E /* BirdRecogniser_iOSUITestsLaunchTests.swift in Sources */ = {isa = PBXBuildFile; fileRef = BED5CD5429E01974008F5F8E /* BirdRecogniser_iOSUITestsLaunchTests.swift */; };
		BED5CD6229E01B35008F5F8E /* BRTabView.swift in Sources */ = {isa = PBXBuildFile; fileRef = BED5CD6129E01B35008F5F8E /* BRTabView.swift */; };
		BED5CD6729E0D5FB008F5F8E /* ImagePicker.swift in Sources */ = {isa = PBXBuildFile; fileRef = BED5CD6629E0D5FB008F5F8E /* ImagePicker.swift */; };
		BED5CD6A29E0DF7F008F5F8E /* TakeImagesView.swift in Sources */ = {isa = PBXBuildFile; fileRef = BED5CD6929E0DF7F008F5F8E /* TakeImagesView.swift */; };
		BED5CD6C29E22F17008F5F8E /* ImageAccessManager.swift in Sources */ = {isa = PBXBuildFile; fileRef = BED5CD6B29E22F17008F5F8E /* ImageAccessManager.swift */; };
		BED5CD7129E2518E008F5F8E /* Bird_510_MobileNetV2_97.mlpackage in Sources */ = {isa = PBXBuildFile; fileRef = BED5CD7029E2518E008F5F8E /* Bird_510_MobileNetV2_97.mlpackage */; };
		BED5CD7329E251D5008F5F8E /* BirdRecognitionTool.swift in Sources */ = {isa = PBXBuildFile; fileRef = BED5CD7229E251D5008F5F8E /* BirdRecognitionTool.swift */; };
		BED5CD7529E25744008F5F8E /* UIImageExtension.swift in Sources */ = {isa = PBXBuildFile; fileRef = BED5CD7429E25744008F5F8E /* UIImageExtension.swift */; };
		BED5CD8B29E25821008F5F8E /* WILD TURKEY4.jpg in Resources */ = {isa = PBXBuildFile; fileRef = BED5CD7729E25821008F5F8E /* WILD TURKEY4.jpg */; };
		BED5CD8C29E25821008F5F8E /* ABBOTTS BOOBY4.jpg in Resources */ = {isa = PBXBuildFile; fileRef = BED5CD7829E25821008F5F8E /* ABBOTTS BOOBY4.jpg */; };
		BED5CD8D29E25821008F5F8E /* ABBOTTS BOOBY0.jpg in Resources */ = {isa = PBXBuildFile; fileRef = BED5CD7929E25821008F5F8E /* ABBOTTS BOOBY0.jpg */; };
		BED5CD8E29E25821008F5F8E /* WILD TURKEY2.jpg in Resources */ = {isa = PBXBuildFile; fileRef = BED5CD7A29E25821008F5F8E /* WILD TURKEY2.jpg */; };
		BED5CD8F29E25821008F5F8E /* WILD TURKEY3.jpg in Resources */ = {isa = PBXBuildFile; fileRef = BED5CD7B29E25821008F5F8E /* WILD TURKEY3.jpg */; };
		BED5CD9029E25821008F5F8E /* ABBOTTS BOOBY1.jpg in Resources */ = {isa = PBXBuildFile; fileRef = BED5CD7C29E25821008F5F8E /* ABBOTTS BOOBY1.jpg */; };
		BED5CD9129E25821008F5F8E /* ABBOTTS BOOBY3.jpg in Resources */ = {isa = PBXBuildFile; fileRef = BED5CD7D29E25821008F5F8E /* ABBOTTS BOOBY3.jpg */; };
		BED5CD9229E25821008F5F8E /* WILD TURKEY1.jpg in Resources */ = {isa = PBXBuildFile; fileRef = BED5CD7E29E25821008F5F8E /* WILD TURKEY1.jpg */; };
		BED5CD9329E25821008F5F8E /* WILD TURKEY0.jpg in Resources */ = {isa = PBXBuildFile; fileRef = BED5CD7F29E25821008F5F8E /* WILD TURKEY0.jpg */; };
		BED5CD9429E25821008F5F8E /* ABBOTTS BOOBY2.jpg in Resources */ = {isa = PBXBuildFile; fileRef = BED5CD8029E25821008F5F8E /* ABBOTTS BOOBY2.jpg */; };
		BED5CD9529E25821008F5F8E /* EMU3.jpg in Resources */ = {isa = PBXBuildFile; fileRef = BED5CD8129E25821008F5F8E /* EMU3.jpg */; };
		BED5CD9629E25821008F5F8E /* ABYSSINIAN GROUND HORNBILL0.jpg in Resources */ = {isa = PBXBuildFile; fileRef = BED5CD8229E25821008F5F8E /* ABYSSINIAN GROUND HORNBILL0.jpg */; };
		BED5CD9729E25821008F5F8E /* ABYSSINIAN GROUND HORNBILL1.jpg in Resources */ = {isa = PBXBuildFile; fileRef = BED5CD8329E25821008F5F8E /* ABYSSINIAN GROUND HORNBILL1.jpg */; };
		BED5CD9829E25821008F5F8E /* EMU2.jpg in Resources */ = {isa = PBXBuildFile; fileRef = BED5CD8429E25821008F5F8E /* EMU2.jpg */; };
		BED5CD9929E25821008F5F8E /* EMU0.jpg in Resources */ = {isa = PBXBuildFile; fileRef = BED5CD8529E25821008F5F8E /* EMU0.jpg */; };
		BED5CD9A29E25821008F5F8E /* ABYSSINIAN GROUND HORNBILL3.jpg in Resources */ = {isa = PBXBuildFile; fileRef = BED5CD8629E25821008F5F8E /* ABYSSINIAN GROUND HORNBILL3.jpg */; };
		BED5CD9B29E25821008F5F8E /* ABYSSINIAN GROUND HORNBILL2.jpg in Resources */ = {isa = PBXBuildFile; fileRef = BED5CD8729E25821008F5F8E /* ABYSSINIAN GROUND HORNBILL2.jpg */; };
		BED5CD9C29E25821008F5F8E /* EMU1.jpg in Resources */ = {isa = PBXBuildFile; fileRef = BED5CD8829E25821008F5F8E /* EMU1.jpg */; };
		BED5CD9D29E25821008F5F8E /* EMU4.jpg in Resources */ = {isa = PBXBuildFile; fileRef = BED5CD8929E25821008F5F8E /* EMU4.jpg */; };
		BED5CD9E29E25821008F5F8E /* ABYSSINIAN GROUND HORNBILL4.jpg in Resources */ = {isa = PBXBuildFile; fileRef = BED5CD8A29E25821008F5F8E /* ABYSSINIAN GROUND HORNBILL4.jpg */; };
		BED5CDA029E25995008F5F8E /* RecogniserDemoView.swift in Sources */ = {isa = PBXBuildFile; fileRef = BED5CD9F29E25995008F5F8E /* RecogniserDemoView.swift */; };
		BEECBB9829FCD994006B805E /* NavigationDemoView.swift in Sources */ = {isa = PBXBuildFile; fileRef = BEECBB9729FCD994006B805E /* NavigationDemoView.swift */; };
		BEECBB9C29FE70A9006B805E /* testImage.png in Resources */ = {isa = PBXBuildFile; fileRef = BEECBB9929FE6F25006B805E /* testImage.png */; };
		BEECBB9F2A0611F9006B805E /* PopToRootDemo.swift in Sources */ = {isa = PBXBuildFile; fileRef = BEECBB9E2A0611F9006B805E /* PopToRootDemo.swift */; };
		BEEFCD432A0C8EE4002AA678 /* RecogniseResultsView.swift in Sources */ = {isa = PBXBuildFile; fileRef = BEEFCD422A0C8EE4002AA678 /* RecogniseResultsView.swift */; };
		BEEFCD452A0F0A4B002AA678 /* ContributeBirdImageView.swift in Sources */ = {isa = PBXBuildFile; fileRef = BEEFCD442A0F0A4B002AA678 /* ContributeBirdImageView.swift */; };
/* End PBXBuildFile section */

/* Begin PBXContainerItemProxy section */
		BED5CD4529E01974008F5F8E /* PBXContainerItemProxy */ = {
			isa = PBXContainerItemProxy;
			containerPortal = BED5CD2C29E01973008F5F8E /* Project object */;
			proxyType = 1;
			remoteGlobalIDString = BED5CD3329E01973008F5F8E;
			remoteInfo = "BirdRecogniser-iOS";
		};
		BED5CD4F29E01974008F5F8E /* PBXContainerItemProxy */ = {
			isa = PBXContainerItemProxy;
			containerPortal = BED5CD2C29E01973008F5F8E /* Project object */;
			proxyType = 1;
			remoteGlobalIDString = BED5CD3329E01973008F5F8E;
			remoteInfo = "BirdRecogniser-iOS";
		};
/* End PBXContainerItemProxy section */

/* Begin PBXFileReference section */
		BE33D4AF29EAAD35002820C8 /* RecogniserView.swift */ = {isa = PBXFileReference; lastKnownFileType = sourcecode.swift; path = RecogniserView.swift; sourceTree = "<group>"; };
		BE33D4B429EAB462002820C8 /* UIColorExtension.swift */ = {isa = PBXFileReference; lastKnownFileType = sourcecode.swift; path = UIColorExtension.swift; sourceTree = "<group>"; };
		BE33D4B629EABF15002820C8 /* RecogniserButton.swift */ = {isa = PBXFileReference; lastKnownFileType = sourcecode.swift; path = RecogniserButton.swift; sourceTree = "<group>"; };
		BE33D4B829ED3053002820C8 /* Theme.swift */ = {isa = PBXFileReference; lastKnownFileType = sourcecode.swift; path = Theme.swift; sourceTree = "<group>"; };
		BE33D4BA29ED3D2F002820C8 /* UIFontExtension.swift */ = {isa = PBXFileReference; lastKnownFileType = sourcecode.swift; path = UIFontExtension.swift; sourceTree = "<group>"; };
		BE33D4BC29F4E1E4002820C8 /* ViewExtension.swift */ = {isa = PBXFileReference; lastKnownFileType = sourcecode.swift; path = ViewExtension.swift; sourceTree = "<group>"; };
		BE33D4BE29F4F116002820C8 /* PhotoDetailView.swift */ = {isa = PBXFileReference; lastKnownFileType = sourcecode.swift; path = PhotoDetailView.swift; sourceTree = "<group>"; };
		BE33D4C029F5DEC1002820C8 /* RecogniseResultDetailView.swift */ = {isa = PBXFileReference; lastKnownFileType = sourcecode.swift; path = RecogniseResultDetailView.swift; sourceTree = "<group>"; };
		BE33D4C329F5FA13002820C8 /* ContributeView.swift */ = {isa = PBXFileReference; lastKnownFileType = sourcecode.swift; path = ContributeView.swift; sourceTree = "<group>"; };
		BE33D4C529F6106E002820C8 /* ContributeTitleView.swift */ = {isa = PBXFileReference; lastKnownFileType = sourcecode.swift; path = ContributeTitleView.swift; sourceTree = "<group>"; };
		BE33D4C729F6113B002820C8 /* ContributeSubmittedView.swift */ = {isa = PBXFileReference; lastKnownFileType = sourcecode.swift; path = ContributeSubmittedView.swift; sourceTree = "<group>"; };
		BE33D4C929F624FE002820C8 /* ContributeSuccessView.swift */ = {isa = PBXFileReference; lastKnownFileType = sourcecode.swift; path = ContributeSuccessView.swift; sourceTree = "<group>"; };
		BE33D4CD29F62F33002820C8 /* AboutUsView.swift */ = {isa = PBXFileReference; lastKnownFileType = sourcecode.swift; path = AboutUsView.swift; sourceTree = "<group>"; };
		BE33D4CF29F63322002820C8 /* AboutUsTitleView.swift */ = {isa = PBXFileReference; lastKnownFileType = sourcecode.swift; path = AboutUsTitleView.swift; sourceTree = "<group>"; };
		BE33D4D129F68AE5002820C8 /* AboutUsContentView.swift */ = {isa = PBXFileReference; lastKnownFileType = sourcecode.swift; path = AboutUsContentView.swift; sourceTree = "<group>"; };
		BE33D4D329F7CFB1002820C8 /* ContributeNewView.swift */ = {isa = PBXFileReference; lastKnownFileType = sourcecode.swift; path = ContributeNewView.swift; sourceTree = "<group>"; };
		BE5CEF5A2A1054BB005BFAFC /* ContributeSelectPhotoView.swift */ = {isa = PBXFileReference; lastKnownFileType = sourcecode.swift; path = ContributeSelectPhotoView.swift; sourceTree = "<group>"; };
		BE5CEF5C2A109488005BFAFC /* ContributeBirdInfomationView.swift */ = {isa = PBXFileReference; lastKnownFileType = sourcecode.swift; path = ContributeBirdInfomationView.swift; sourceTree = "<group>"; };
		BED5CD3429E01973008F5F8E /* BirdRecogniser-iOS.app */ = {isa = PBXFileReference; explicitFileType = wrapper.application; includeInIndex = 0; path = "BirdRecogniser-iOS.app"; sourceTree = BUILT_PRODUCTS_DIR; };
		BED5CD3729E01973008F5F8E /* BirdRecogniser_iOSApp.swift */ = {isa = PBXFileReference; lastKnownFileType = sourcecode.swift; path = BirdRecogniser_iOSApp.swift; sourceTree = "<group>"; };
		BED5CD3929E01973008F5F8E /* ContentView.swift */ = {isa = PBXFileReference; lastKnownFileType = sourcecode.swift; path = ContentView.swift; sourceTree = "<group>"; };
		BED5CD3B29E01974008F5F8E /* Assets.xcassets */ = {isa = PBXFileReference; lastKnownFileType = folder.assetcatalog; path = Assets.xcassets; sourceTree = "<group>"; };
		BED5CD3E29E01974008F5F8E /* Preview Assets.xcassets */ = {isa = PBXFileReference; lastKnownFileType = folder.assetcatalog; path = "Preview Assets.xcassets"; sourceTree = "<group>"; };
		BED5CD4429E01974008F5F8E /* BirdRecogniser-iOSTests.xctest */ = {isa = PBXFileReference; explicitFileType = wrapper.cfbundle; includeInIndex = 0; path = "BirdRecogniser-iOSTests.xctest"; sourceTree = BUILT_PRODUCTS_DIR; };
		BED5CD4829E01974008F5F8E /* BirdRecogniser_iOSTests.swift */ = {isa = PBXFileReference; lastKnownFileType = sourcecode.swift; path = BirdRecogniser_iOSTests.swift; sourceTree = "<group>"; };
		BED5CD4E29E01974008F5F8E /* BirdRecogniser-iOSUITests.xctest */ = {isa = PBXFileReference; explicitFileType = wrapper.cfbundle; includeInIndex = 0; path = "BirdRecogniser-iOSUITests.xctest"; sourceTree = BUILT_PRODUCTS_DIR; };
		BED5CD5229E01974008F5F8E /* BirdRecogniser_iOSUITests.swift */ = {isa = PBXFileReference; lastKnownFileType = sourcecode.swift; path = BirdRecogniser_iOSUITests.swift; sourceTree = "<group>"; };
		BED5CD5429E01974008F5F8E /* BirdRecogniser_iOSUITestsLaunchTests.swift */ = {isa = PBXFileReference; lastKnownFileType = sourcecode.swift; path = BirdRecogniser_iOSUITestsLaunchTests.swift; sourceTree = "<group>"; };
		BED5CD6129E01B35008F5F8E /* BRTabView.swift */ = {isa = PBXFileReference; lastKnownFileType = sourcecode.swift; path = BRTabView.swift; sourceTree = "<group>"; };
		BED5CD6629E0D5FB008F5F8E /* ImagePicker.swift */ = {isa = PBXFileReference; lastKnownFileType = sourcecode.swift; path = ImagePicker.swift; sourceTree = "<group>"; };
		BED5CD6929E0DF7F008F5F8E /* TakeImagesView.swift */ = {isa = PBXFileReference; lastKnownFileType = sourcecode.swift; path = TakeImagesView.swift; sourceTree = "<group>"; };
		BED5CD6B29E22F17008F5F8E /* ImageAccessManager.swift */ = {isa = PBXFileReference; lastKnownFileType = sourcecode.swift; path = ImageAccessManager.swift; sourceTree = "<group>"; };
		BED5CD7029E2518E008F5F8E /* Bird_510_MobileNetV2_97.mlpackage */ = {isa = PBXFileReference; lastKnownFileType = folder.mlpackage; path = Bird_510_MobileNetV2_97.mlpackage; sourceTree = "<group>"; };
		BED5CD7229E251D5008F5F8E /* BirdRecognitionTool.swift */ = {isa = PBXFileReference; lastKnownFileType = sourcecode.swift; path = BirdRecognitionTool.swift; sourceTree = "<group>"; };
		BED5CD7429E25744008F5F8E /* UIImageExtension.swift */ = {isa = PBXFileReference; lastKnownFileType = sourcecode.swift; path = UIImageExtension.swift; sourceTree = "<group>"; };
		BED5CD7729E25821008F5F8E /* WILD TURKEY4.jpg */ = {isa = PBXFileReference; lastKnownFileType = image.jpeg; path = "WILD TURKEY4.jpg"; sourceTree = "<group>"; };
		BED5CD7829E25821008F5F8E /* ABBOTTS BOOBY4.jpg */ = {isa = PBXFileReference; lastKnownFileType = image.jpeg; path = "ABBOTTS BOOBY4.jpg"; sourceTree = "<group>"; };
		BED5CD7929E25821008F5F8E /* ABBOTTS BOOBY0.jpg */ = {isa = PBXFileReference; lastKnownFileType = image.jpeg; path = "ABBOTTS BOOBY0.jpg"; sourceTree = "<group>"; };
		BED5CD7A29E25821008F5F8E /* WILD TURKEY2.jpg */ = {isa = PBXFileReference; lastKnownFileType = image.jpeg; path = "WILD TURKEY2.jpg"; sourceTree = "<group>"; };
		BED5CD7B29E25821008F5F8E /* WILD TURKEY3.jpg */ = {isa = PBXFileReference; lastKnownFileType = image.jpeg; path = "WILD TURKEY3.jpg"; sourceTree = "<group>"; };
		BED5CD7C29E25821008F5F8E /* ABBOTTS BOOBY1.jpg */ = {isa = PBXFileReference; lastKnownFileType = image.jpeg; path = "ABBOTTS BOOBY1.jpg"; sourceTree = "<group>"; };
		BED5CD7D29E25821008F5F8E /* ABBOTTS BOOBY3.jpg */ = {isa = PBXFileReference; lastKnownFileType = image.jpeg; path = "ABBOTTS BOOBY3.jpg"; sourceTree = "<group>"; };
		BED5CD7E29E25821008F5F8E /* WILD TURKEY1.jpg */ = {isa = PBXFileReference; lastKnownFileType = image.jpeg; path = "WILD TURKEY1.jpg"; sourceTree = "<group>"; };
		BED5CD7F29E25821008F5F8E /* WILD TURKEY0.jpg */ = {isa = PBXFileReference; lastKnownFileType = image.jpeg; path = "WILD TURKEY0.jpg"; sourceTree = "<group>"; };
		BED5CD8029E25821008F5F8E /* ABBOTTS BOOBY2.jpg */ = {isa = PBXFileReference; lastKnownFileType = image.jpeg; path = "ABBOTTS BOOBY2.jpg"; sourceTree = "<group>"; };
		BED5CD8129E25821008F5F8E /* EMU3.jpg */ = {isa = PBXFileReference; lastKnownFileType = image.jpeg; path = EMU3.jpg; sourceTree = "<group>"; };
		BED5CD8229E25821008F5F8E /* ABYSSINIAN GROUND HORNBILL0.jpg */ = {isa = PBXFileReference; lastKnownFileType = image.jpeg; path = "ABYSSINIAN GROUND HORNBILL0.jpg"; sourceTree = "<group>"; };
		BED5CD8329E25821008F5F8E /* ABYSSINIAN GROUND HORNBILL1.jpg */ = {isa = PBXFileReference; lastKnownFileType = image.jpeg; path = "ABYSSINIAN GROUND HORNBILL1.jpg"; sourceTree = "<group>"; };
		BED5CD8429E25821008F5F8E /* EMU2.jpg */ = {isa = PBXFileReference; lastKnownFileType = image.jpeg; path = EMU2.jpg; sourceTree = "<group>"; };
		BED5CD8529E25821008F5F8E /* EMU0.jpg */ = {isa = PBXFileReference; lastKnownFileType = image.jpeg; path = EMU0.jpg; sourceTree = "<group>"; };
		BED5CD8629E25821008F5F8E /* ABYSSINIAN GROUND HORNBILL3.jpg */ = {isa = PBXFileReference; lastKnownFileType = image.jpeg; path = "ABYSSINIAN GROUND HORNBILL3.jpg"; sourceTree = "<group>"; };
		BED5CD8729E25821008F5F8E /* ABYSSINIAN GROUND HORNBILL2.jpg */ = {isa = PBXFileReference; lastKnownFileType = image.jpeg; path = "ABYSSINIAN GROUND HORNBILL2.jpg"; sourceTree = "<group>"; };
		BED5CD8829E25821008F5F8E /* EMU1.jpg */ = {isa = PBXFileReference; lastKnownFileType = image.jpeg; path = EMU1.jpg; sourceTree = "<group>"; };
		BED5CD8929E25821008F5F8E /* EMU4.jpg */ = {isa = PBXFileReference; lastKnownFileType = image.jpeg; path = EMU4.jpg; sourceTree = "<group>"; };
		BED5CD8A29E25821008F5F8E /* ABYSSINIAN GROUND HORNBILL4.jpg */ = {isa = PBXFileReference; lastKnownFileType = image.jpeg; path = "ABYSSINIAN GROUND HORNBILL4.jpg"; sourceTree = "<group>"; };
		BED5CD9F29E25995008F5F8E /* RecogniserDemoView.swift */ = {isa = PBXFileReference; lastKnownFileType = sourcecode.swift; path = RecogniserDemoView.swift; sourceTree = "<group>"; };
		BEECBB9729FCD994006B805E /* NavigationDemoView.swift */ = {isa = PBXFileReference; lastKnownFileType = sourcecode.swift; path = NavigationDemoView.swift; sourceTree = "<group>"; };
		BEECBB9929FE6F25006B805E /* testImage.png */ = {isa = PBXFileReference; lastKnownFileType = image.png; path = testImage.png; sourceTree = "<group>"; };
		BEECBB9E2A0611F9006B805E /* PopToRootDemo.swift */ = {isa = PBXFileReference; lastKnownFileType = sourcecode.swift; path = PopToRootDemo.swift; sourceTree = "<group>"; };
		BEEFCD422A0C8EE4002AA678 /* RecogniseResultsView.swift */ = {isa = PBXFileReference; lastKnownFileType = sourcecode.swift; path = RecogniseResultsView.swift; sourceTree = "<group>"; };
		BEEFCD442A0F0A4B002AA678 /* ContributeBirdImageView.swift */ = {isa = PBXFileReference; lastKnownFileType = sourcecode.swift; path = ContributeBirdImageView.swift; sourceTree = "<group>"; };
/* End PBXFileReference section */

/* Begin PBXFrameworksBuildPhase section */
		BED5CD3129E01973008F5F8E /* Frameworks */ = {
			isa = PBXFrameworksBuildPhase;
			buildActionMask = 2147483647;
			files = (
			);
			runOnlyForDeploymentPostprocessing = 0;
		};
		BED5CD4129E01974008F5F8E /* Frameworks */ = {
			isa = PBXFrameworksBuildPhase;
			buildActionMask = 2147483647;
			files = (
			);
			runOnlyForDeploymentPostprocessing = 0;
		};
		BED5CD4B29E01974008F5F8E /* Frameworks */ = {
			isa = PBXFrameworksBuildPhase;
			buildActionMask = 2147483647;
			files = (
			);
			runOnlyForDeploymentPostprocessing = 0;
		};
/* End PBXFrameworksBuildPhase section */

/* Begin PBXGroup section */
		BE33D4AE29EAAD24002820C8 /* UI */ = {
			isa = PBXGroup;
			children = (
				BE33D4CC29F62EA8002820C8 /* AboutUs */,
				BE33D4C229F5F9E3002820C8 /* Contribute */,
				BE33D4B129EAB0F7002820C8 /* Recogniser */,
			);
			path = UI;
			sourceTree = "<group>";
		};
		BE33D4B129EAB0F7002820C8 /* Recogniser */ = {
			isa = PBXGroup;
			children = (
				BE33D4AF29EAAD35002820C8 /* RecogniserView.swift */,
				BE33D4BE29F4F116002820C8 /* PhotoDetailView.swift */,
				BEEFCD422A0C8EE4002AA678 /* RecogniseResultsView.swift */,
				BE33D4C029F5DEC1002820C8 /* RecogniseResultDetailView.swift */,
				BE33D4B629EABF15002820C8 /* RecogniserButton.swift */,
			);
			path = Recogniser;
			sourceTree = "<group>";
		};
		BE33D4C229F5F9E3002820C8 /* Contribute */ = {
			isa = PBXGroup;
			children = (
				BE33D4C329F5FA13002820C8 /* ContributeView.swift */,
				BE33D4D329F7CFB1002820C8 /* ContributeNewView.swift */,
				BEEFCD442A0F0A4B002AA678 /* ContributeBirdImageView.swift */,
				BE5CEF5C2A109488005BFAFC /* ContributeBirdInfomationView.swift */,
				BE33D4C529F6106E002820C8 /* ContributeTitleView.swift */,
				BE33D4C729F6113B002820C8 /* ContributeSubmittedView.swift */,
				BE33D4C929F624FE002820C8 /* ContributeSuccessView.swift */,
				BE5CEF5A2A1054BB005BFAFC /* ContributeSelectPhotoView.swift */,
			);
			path = Contribute;
			sourceTree = "<group>";
		};
		BE33D4CC29F62EA8002820C8 /* AboutUs */ = {
			isa = PBXGroup;
			children = (
				BE33D4CD29F62F33002820C8 /* AboutUsView.swift */,
				BE33D4CF29F63322002820C8 /* AboutUsTitleView.swift */,
				BE33D4D129F68AE5002820C8 /* AboutUsContentView.swift */,
			);
			path = AboutUs;
			sourceTree = "<group>";
		};
		BED5CD2B29E01973008F5F8E = {
			isa = PBXGroup;
			children = (
				BED5CD3629E01973008F5F8E /* BirdRecogniser-iOS */,
				BED5CD4729E01974008F5F8E /* BirdRecogniser-iOSTests */,
				BED5CD5129E01974008F5F8E /* BirdRecogniser-iOSUITests */,
				BED5CD3529E01973008F5F8E /* Products */,
			);
			sourceTree = "<group>";
		};
		BED5CD3529E01973008F5F8E /* Products */ = {
			isa = PBXGroup;
			children = (
				BED5CD3429E01973008F5F8E /* BirdRecogniser-iOS.app */,
				BED5CD4429E01974008F5F8E /* BirdRecogniser-iOSTests.xctest */,
				BED5CD4E29E01974008F5F8E /* BirdRecogniser-iOSUITests.xctest */,
			);
			name = Products;
			sourceTree = "<group>";
		};
		BED5CD3629E01973008F5F8E /* BirdRecogniser-iOS */ = {
			isa = PBXGroup;
			children = (
				BE33D4AE29EAAD24002820C8 /* UI */,
				BED5CD6D29E242AC008F5F8E /* AI */,
				BED5CD6829E0DF50008F5F8E /* TechDemos */,
				BED5CD6529E0D2AB008F5F8E /* Tools */,
				BED5CD3729E01973008F5F8E /* BirdRecogniser_iOSApp.swift */,
				BED5CD3929E01973008F5F8E /* ContentView.swift */,
				BED5CD6129E01B35008F5F8E /* BRTabView.swift */,
				BED5CD3B29E01974008F5F8E /* Assets.xcassets */,
				BED5CD3D29E01974008F5F8E /* Preview Content */,
			);
			path = "BirdRecogniser-iOS";
			sourceTree = "<group>";
		};
		BED5CD3D29E01974008F5F8E /* Preview Content */ = {
			isa = PBXGroup;
			children = (
				BED5CD3E29E01974008F5F8E /* Preview Assets.xcassets */,
			);
			path = "Preview Content";
			sourceTree = "<group>";
		};
		BED5CD4729E01974008F5F8E /* BirdRecogniser-iOSTests */ = {
			isa = PBXGroup;
			children = (
				BED5CD4829E01974008F5F8E /* BirdRecogniser_iOSTests.swift */,
				BEECBB9929FE6F25006B805E /* testImage.png */,
			);
			path = "BirdRecogniser-iOSTests";
			sourceTree = "<group>";
		};
		BED5CD5129E01974008F5F8E /* BirdRecogniser-iOSUITests */ = {
			isa = PBXGroup;
			children = (
				BED5CD5229E01974008F5F8E /* BirdRecogniser_iOSUITests.swift */,
				BED5CD5429E01974008F5F8E /* BirdRecogniser_iOSUITestsLaunchTests.swift */,
			);
			path = "BirdRecogniser-iOSUITests";
			sourceTree = "<group>";
		};
		BED5CD6529E0D2AB008F5F8E /* Tools */ = {
			isa = PBXGroup;
			children = (
				BED5CD6629E0D5FB008F5F8E /* ImagePicker.swift */,
				BE33D4BC29F4E1E4002820C8 /* ViewExtension.swift */,
				BED5CD6B29E22F17008F5F8E /* ImageAccessManager.swift */,
				BED5CD7429E25744008F5F8E /* UIImageExtension.swift */,
				BE33D4B429EAB462002820C8 /* UIColorExtension.swift */,
				BE33D4BA29ED3D2F002820C8 /* UIFontExtension.swift */,
				BE33D4B829ED3053002820C8 /* Theme.swift */,
			);
			path = Tools;
			sourceTree = "<group>";
		};
		BED5CD6829E0DF50008F5F8E /* TechDemos */ = {
			isa = PBXGroup;
			children = (
				BED5CD6929E0DF7F008F5F8E /* TakeImagesView.swift */,
				BEECBB9729FCD994006B805E /* NavigationDemoView.swift */,
				BED5CD9F29E25995008F5F8E /* RecogniserDemoView.swift */,
				BEECBB9E2A0611F9006B805E /* PopToRootDemo.swift */,
			);
			path = TechDemos;
			sourceTree = "<group>";
		};
		BED5CD6D29E242AC008F5F8E /* AI */ = {
			isa = PBXGroup;
			children = (
				BED5CD7629E25821008F5F8E /* TestImages */,
				BED5CD7029E2518E008F5F8E /* Bird_510_MobileNetV2_97.mlpackage */,
				BED5CD7229E251D5008F5F8E /* BirdRecognitionTool.swift */,
			);
			path = AI;
			sourceTree = "<group>";
		};
		BED5CD7629E25821008F5F8E /* TestImages */ = {
			isa = PBXGroup;
			children = (
				BED5CD7729E25821008F5F8E /* WILD TURKEY4.jpg */,
				BED5CD7829E25821008F5F8E /* ABBOTTS BOOBY4.jpg */,
				BED5CD7929E25821008F5F8E /* ABBOTTS BOOBY0.jpg */,
				BED5CD7A29E25821008F5F8E /* WILD TURKEY2.jpg */,
				BED5CD7B29E25821008F5F8E /* WILD TURKEY3.jpg */,
				BED5CD7C29E25821008F5F8E /* ABBOTTS BOOBY1.jpg */,
				BED5CD7D29E25821008F5F8E /* ABBOTTS BOOBY3.jpg */,
				BED5CD7E29E25821008F5F8E /* WILD TURKEY1.jpg */,
				BED5CD7F29E25821008F5F8E /* WILD TURKEY0.jpg */,
				BED5CD8029E25821008F5F8E /* ABBOTTS BOOBY2.jpg */,
				BED5CD8129E25821008F5F8E /* EMU3.jpg */,
				BED5CD8229E25821008F5F8E /* ABYSSINIAN GROUND HORNBILL0.jpg */,
				BED5CD8329E25821008F5F8E /* ABYSSINIAN GROUND HORNBILL1.jpg */,
				BED5CD8429E25821008F5F8E /* EMU2.jpg */,
				BED5CD8529E25821008F5F8E /* EMU0.jpg */,
				BED5CD8629E25821008F5F8E /* ABYSSINIAN GROUND HORNBILL3.jpg */,
				BED5CD8729E25821008F5F8E /* ABYSSINIAN GROUND HORNBILL2.jpg */,
				BED5CD8829E25821008F5F8E /* EMU1.jpg */,
				BED5CD8929E25821008F5F8E /* EMU4.jpg */,
				BED5CD8A29E25821008F5F8E /* ABYSSINIAN GROUND HORNBILL4.jpg */,
			);
			path = TestImages;
			sourceTree = "<group>";
		};
/* End PBXGroup section */

/* Begin PBXNativeTarget section */
		BED5CD3329E01973008F5F8E /* BirdRecogniser-iOS */ = {
			isa = PBXNativeTarget;
			buildConfigurationList = BED5CD5829E01974008F5F8E /* Build configuration list for PBXNativeTarget "BirdRecogniser-iOS" */;
			buildPhases = (
				BED5CD3029E01973008F5F8E /* Sources */,
				BED5CD3129E01973008F5F8E /* Frameworks */,
				BED5CD3229E01973008F5F8E /* Resources */,
			);
			buildRules = (
			);
			dependencies = (
			);
			name = "BirdRecogniser-iOS";
			productName = "BirdRecogniser-iOS";
			productReference = BED5CD3429E01973008F5F8E /* BirdRecogniser-iOS.app */;
			productType = "com.apple.product-type.application";
		};
		BED5CD4329E01974008F5F8E /* BirdRecogniser-iOSTests */ = {
			isa = PBXNativeTarget;
			buildConfigurationList = BED5CD5B29E01974008F5F8E /* Build configuration list for PBXNativeTarget "BirdRecogniser-iOSTests" */;
			buildPhases = (
				BED5CD4029E01974008F5F8E /* Sources */,
				BED5CD4129E01974008F5F8E /* Frameworks */,
				BED5CD4229E01974008F5F8E /* Resources */,
			);
			buildRules = (
			);
			dependencies = (
				BED5CD4629E01974008F5F8E /* PBXTargetDependency */,
			);
			name = "BirdRecogniser-iOSTests";
			productName = "BirdRecogniser-iOSTests";
			productReference = BED5CD4429E01974008F5F8E /* BirdRecogniser-iOSTests.xctest */;
			productType = "com.apple.product-type.bundle.unit-test";
		};
		BED5CD4D29E01974008F5F8E /* BirdRecogniser-iOSUITests */ = {
			isa = PBXNativeTarget;
			buildConfigurationList = BED5CD5E29E01974008F5F8E /* Build configuration list for PBXNativeTarget "BirdRecogniser-iOSUITests" */;
			buildPhases = (
				BED5CD4A29E01974008F5F8E /* Sources */,
				BED5CD4B29E01974008F5F8E /* Frameworks */,
				BED5CD4C29E01974008F5F8E /* Resources */,
			);
			buildRules = (
			);
			dependencies = (
				BED5CD5029E01974008F5F8E /* PBXTargetDependency */,
			);
			name = "BirdRecogniser-iOSUITests";
			productName = "BirdRecogniser-iOSUITests";
			productReference = BED5CD4E29E01974008F5F8E /* BirdRecogniser-iOSUITests.xctest */;
			productType = "com.apple.product-type.bundle.ui-testing";
		};
/* End PBXNativeTarget section */

/* Begin PBXProject section */
		BED5CD2C29E01973008F5F8E /* Project object */ = {
			isa = PBXProject;
			attributes = {
				BuildIndependentTargetsInParallel = 1;
				LastSwiftUpdateCheck = 1420;
				LastUpgradeCheck = 1420;
				TargetAttributes = {
					BED5CD3329E01973008F5F8E = {
						CreatedOnToolsVersion = 14.2;
					};
					BED5CD4329E01974008F5F8E = {
						CreatedOnToolsVersion = 14.2;
						TestTargetID = BED5CD3329E01973008F5F8E;
					};
					BED5CD4D29E01974008F5F8E = {
						CreatedOnToolsVersion = 14.2;
						TestTargetID = BED5CD3329E01973008F5F8E;
					};
				};
			};
			buildConfigurationList = BED5CD2F29E01973008F5F8E /* Build configuration list for PBXProject "BirdRecogniser-iOS" */;
			compatibilityVersion = "Xcode 13.0";
			developmentRegion = en;
			hasScannedForEncodings = 0;
			knownRegions = (
				en,
				Base,
			);
			mainGroup = BED5CD2B29E01973008F5F8E;
			productRefGroup = BED5CD3529E01973008F5F8E /* Products */;
			projectDirPath = "";
			projectRoot = "";
			targets = (
				BED5CD3329E01973008F5F8E /* BirdRecogniser-iOS */,
				BED5CD4329E01974008F5F8E /* BirdRecogniser-iOSTests */,
				BED5CD4D29E01974008F5F8E /* BirdRecogniser-iOSUITests */,
			);
		};
/* End PBXProject section */

/* Begin PBXResourcesBuildPhase section */
		BED5CD3229E01973008F5F8E /* Resources */ = {
			isa = PBXResourcesBuildPhase;
			buildActionMask = 2147483647;
			files = (
				BED5CD9E29E25821008F5F8E /* ABYSSINIAN GROUND HORNBILL4.jpg in Resources */,
				BED5CD9829E25821008F5F8E /* EMU2.jpg in Resources */,
				BED5CD9629E25821008F5F8E /* ABYSSINIAN GROUND HORNBILL0.jpg in Resources */,
				BEECBB9C29FE70A9006B805E /* testImage.png in Resources */,
				BED5CD9D29E25821008F5F8E /* EMU4.jpg in Resources */,
				BED5CD8D29E25821008F5F8E /* ABBOTTS BOOBY0.jpg in Resources */,
				BED5CD9529E25821008F5F8E /* EMU3.jpg in Resources */,
				BED5CD8F29E25821008F5F8E /* WILD TURKEY3.jpg in Resources */,
				BED5CD9129E25821008F5F8E /* ABBOTTS BOOBY3.jpg in Resources */,
				BED5CD8B29E25821008F5F8E /* WILD TURKEY4.jpg in Resources */,
				BED5CD9C29E25821008F5F8E /* EMU1.jpg in Resources */,
				BED5CD9A29E25821008F5F8E /* ABYSSINIAN GROUND HORNBILL3.jpg in Resources */,
				BED5CD3F29E01974008F5F8E /* Preview Assets.xcassets in Resources */,
				BED5CD9029E25821008F5F8E /* ABBOTTS BOOBY1.jpg in Resources */,
				BED5CD9729E25821008F5F8E /* ABYSSINIAN GROUND HORNBILL1.jpg in Resources */,
				BED5CD9229E25821008F5F8E /* WILD TURKEY1.jpg in Resources */,
				BED5CD8E29E25821008F5F8E /* WILD TURKEY2.jpg in Resources */,
				BED5CD9929E25821008F5F8E /* EMU0.jpg in Resources */,
				BED5CD3C29E01974008F5F8E /* Assets.xcassets in Resources */,
				BED5CD9429E25821008F5F8E /* ABBOTTS BOOBY2.jpg in Resources */,
				BED5CD9B29E25821008F5F8E /* ABYSSINIAN GROUND HORNBILL2.jpg in Resources */,
				BED5CD9329E25821008F5F8E /* WILD TURKEY0.jpg in Resources */,
				BED5CD8C29E25821008F5F8E /* ABBOTTS BOOBY4.jpg in Resources */,
			);
			runOnlyForDeploymentPostprocessing = 0;
		};
		BED5CD4229E01974008F5F8E /* Resources */ = {
			isa = PBXResourcesBuildPhase;
			buildActionMask = 2147483647;
			files = (
			);
			runOnlyForDeploymentPostprocessing = 0;
		};
		BED5CD4C29E01974008F5F8E /* Resources */ = {
			isa = PBXResourcesBuildPhase;
			buildActionMask = 2147483647;
			files = (
			);
			runOnlyForDeploymentPostprocessing = 0;
		};
/* End PBXResourcesBuildPhase section */

/* Begin PBXSourcesBuildPhase section */
		BED5CD3029E01973008F5F8E /* Sources */ = {
			isa = PBXSourcesBuildPhase;
			buildActionMask = 2147483647;
			files = (
				BED5CD3A29E01973008F5F8E /* ContentView.swift in Sources */,
				BE33D4D229F68AE5002820C8 /* AboutUsContentView.swift in Sources */,
				BE33D4C829F6113B002820C8 /* ContributeSubmittedView.swift in Sources */,
				BE33D4BB29ED3D2F002820C8 /* UIFontExtension.swift in Sources */,
				BEECBB9829FCD994006B805E /* NavigationDemoView.swift in Sources */,
				BE33D4CA29F624FE002820C8 /* ContributeSuccessView.swift in Sources */,
				BE33D4BF29F4F116002820C8 /* PhotoDetailView.swift in Sources */,
				BE33D4B029EAAD35002820C8 /* RecogniserView.swift in Sources */,
				BE33D4C429F5FA13002820C8 /* ContributeView.swift in Sources */,
				BED5CDA029E25995008F5F8E /* RecogniserDemoView.swift in Sources */,
				BED5CD6229E01B35008F5F8E /* BRTabView.swift in Sources */,
				BE33D4B729EABF15002820C8 /* RecogniserButton.swift in Sources */,
				BE33D4BD29F4E1E4002820C8 /* ViewExtension.swift in Sources */,
				BEEFCD432A0C8EE4002AA678 /* RecogniseResultsView.swift in Sources */,
				BED5CD7129E2518E008F5F8E /* Bird_510_MobileNetV2_97.mlpackage in Sources */,
				BE33D4B529EAB462002820C8 /* UIColorExtension.swift in Sources */,
				BEEFCD452A0F0A4B002AA678 /* ContributeBirdImageView.swift in Sources */,
				BE33D4D429F7CFB1002820C8 /* ContributeNewView.swift in Sources */,
				BE33D4C129F5DEC1002820C8 /* RecogniseResultDetailView.swift in Sources */,
				BE33D4C629F6106E002820C8 /* ContributeTitleView.swift in Sources */,
				BED5CD7529E25744008F5F8E /* UIImageExtension.swift in Sources */,
				BED5CD6C29E22F17008F5F8E /* ImageAccessManager.swift in Sources */,
				BE33D4D029F63322002820C8 /* AboutUsTitleView.swift in Sources */,
				BEECBB9F2A0611F9006B805E /* PopToRootDemo.swift in Sources */,
				BE33D4CE29F62F33002820C8 /* AboutUsView.swift in Sources */,
				BED5CD6729E0D5FB008F5F8E /* ImagePicker.swift in Sources */,
				BED5CD3829E01973008F5F8E /* BirdRecogniser_iOSApp.swift in Sources */,
				BE5CEF5B2A1054BB005BFAFC /* ContributeSelectPhotoView.swift in Sources */,
				BE5CEF5D2A109488005BFAFC /* ContributeBirdInfomationView.swift in Sources */,
				BED5CD6A29E0DF7F008F5F8E /* TakeImagesView.swift in Sources */,
				BED5CD7329E251D5008F5F8E /* BirdRecognitionTool.swift in Sources */,
				BE33D4B929ED3053002820C8 /* Theme.swift in Sources */,
			);
			runOnlyForDeploymentPostprocessing = 0;
		};
		BED5CD4029E01974008F5F8E /* Sources */ = {
			isa = PBXSourcesBuildPhase;
			buildActionMask = 2147483647;
			files = (
				BED5CD4929E01974008F5F8E /* BirdRecogniser_iOSTests.swift in Sources */,
			);
			runOnlyForDeploymentPostprocessing = 0;
		};
		BED5CD4A29E01974008F5F8E /* Sources */ = {
			isa = PBXSourcesBuildPhase;
			buildActionMask = 2147483647;
			files = (
				BED5CD5529E01974008F5F8E /* BirdRecogniser_iOSUITestsLaunchTests.swift in Sources */,
				BED5CD5329E01974008F5F8E /* BirdRecogniser_iOSUITests.swift in Sources */,
			);
			runOnlyForDeploymentPostprocessing = 0;
		};
/* End PBXSourcesBuildPhase section */

/* Begin PBXTargetDependency section */
		BED5CD4629E01974008F5F8E /* PBXTargetDependency */ = {
			isa = PBXTargetDependency;
			target = BED5CD3329E01973008F5F8E /* BirdRecogniser-iOS */;
			targetProxy = BED5CD4529E01974008F5F8E /* PBXContainerItemProxy */;
		};
		BED5CD5029E01974008F5F8E /* PBXTargetDependency */ = {
			isa = PBXTargetDependency;
			target = BED5CD3329E01973008F5F8E /* BirdRecogniser-iOS */;
			targetProxy = BED5CD4F29E01974008F5F8E /* PBXContainerItemProxy */;
		};
/* End PBXTargetDependency section */

/* Begin XCBuildConfiguration section */
		BED5CD5629E01974008F5F8E /* Debug */ = {
			isa = XCBuildConfiguration;
			buildSettings = {
				ALWAYS_SEARCH_USER_PATHS = NO;
				CLANG_ANALYZER_NONNULL = YES;
				CLANG_ANALYZER_NUMBER_OBJECT_CONVERSION = YES_AGGRESSIVE;
				CLANG_CXX_LANGUAGE_STANDARD = "gnu++20";
				CLANG_ENABLE_MODULES = YES;
				CLANG_ENABLE_OBJC_ARC = YES;
				CLANG_ENABLE_OBJC_WEAK = YES;
				CLANG_WARN_BLOCK_CAPTURE_AUTORELEASING = YES;
				CLANG_WARN_BOOL_CONVERSION = YES;
				CLANG_WARN_COMMA = YES;
				CLANG_WARN_CONSTANT_CONVERSION = YES;
				CLANG_WARN_DEPRECATED_OBJC_IMPLEMENTATIONS = YES;
				CLANG_WARN_DIRECT_OBJC_ISA_USAGE = YES_ERROR;
				CLANG_WARN_DOCUMENTATION_COMMENTS = YES;
				CLANG_WARN_EMPTY_BODY = YES;
				CLANG_WARN_ENUM_CONVERSION = YES;
				CLANG_WARN_INFINITE_RECURSION = YES;
				CLANG_WARN_INT_CONVERSION = YES;
				CLANG_WARN_NON_LITERAL_NULL_CONVERSION = YES;
				CLANG_WARN_OBJC_IMPLICIT_RETAIN_SELF = YES;
				CLANG_WARN_OBJC_LITERAL_CONVERSION = YES;
				CLANG_WARN_OBJC_ROOT_CLASS = YES_ERROR;
				CLANG_WARN_QUOTED_INCLUDE_IN_FRAMEWORK_HEADER = YES;
				CLANG_WARN_RANGE_LOOP_ANALYSIS = YES;
				CLANG_WARN_STRICT_PROTOTYPES = YES;
				CLANG_WARN_SUSPICIOUS_MOVE = YES;
				CLANG_WARN_UNGUARDED_AVAILABILITY = YES_AGGRESSIVE;
				CLANG_WARN_UNREACHABLE_CODE = YES;
				CLANG_WARN__DUPLICATE_METHOD_MATCH = YES;
				COPY_PHASE_STRIP = NO;
				DEBUG_INFORMATION_FORMAT = dwarf;
				ENABLE_STRICT_OBJC_MSGSEND = YES;
				ENABLE_TESTABILITY = YES;
				GCC_C_LANGUAGE_STANDARD = gnu11;
				GCC_DYNAMIC_NO_PIC = NO;
				GCC_NO_COMMON_BLOCKS = YES;
				GCC_OPTIMIZATION_LEVEL = 0;
				GCC_PREPROCESSOR_DEFINITIONS = (
					"DEBUG=1",
					"$(inherited)",
				);
				GCC_WARN_64_TO_32_BIT_CONVERSION = YES;
				GCC_WARN_ABOUT_RETURN_TYPE = YES_ERROR;
				GCC_WARN_UNDECLARED_SELECTOR = YES;
				GCC_WARN_UNINITIALIZED_AUTOS = YES_AGGRESSIVE;
				GCC_WARN_UNUSED_FUNCTION = YES;
				GCC_WARN_UNUSED_VARIABLE = YES;
				IPHONEOS_DEPLOYMENT_TARGET = 15.0;
				MTL_ENABLE_DEBUG_INFO = INCLUDE_SOURCE;
				MTL_FAST_MATH = YES;
				ONLY_ACTIVE_ARCH = YES;
				SDKROOT = iphoneos;
				SWIFT_ACTIVE_COMPILATION_CONDITIONS = DEBUG;
				SWIFT_OPTIMIZATION_LEVEL = "-Onone";
			};
			name = Debug;
		};
		BED5CD5729E01974008F5F8E /* Release */ = {
			isa = XCBuildConfiguration;
			buildSettings = {
				ALWAYS_SEARCH_USER_PATHS = NO;
				CLANG_ANALYZER_NONNULL = YES;
				CLANG_ANALYZER_NUMBER_OBJECT_CONVERSION = YES_AGGRESSIVE;
				CLANG_CXX_LANGUAGE_STANDARD = "gnu++20";
				CLANG_ENABLE_MODULES = YES;
				CLANG_ENABLE_OBJC_ARC = YES;
				CLANG_ENABLE_OBJC_WEAK = YES;
				CLANG_WARN_BLOCK_CAPTURE_AUTORELEASING = YES;
				CLANG_WARN_BOOL_CONVERSION = YES;
				CLANG_WARN_COMMA = YES;
				CLANG_WARN_CONSTANT_CONVERSION = YES;
				CLANG_WARN_DEPRECATED_OBJC_IMPLEMENTATIONS = YES;
				CLANG_WARN_DIRECT_OBJC_ISA_USAGE = YES_ERROR;
				CLANG_WARN_DOCUMENTATION_COMMENTS = YES;
				CLANG_WARN_EMPTY_BODY = YES;
				CLANG_WARN_ENUM_CONVERSION = YES;
				CLANG_WARN_INFINITE_RECURSION = YES;
				CLANG_WARN_INT_CONVERSION = YES;
				CLANG_WARN_NON_LITERAL_NULL_CONVERSION = YES;
				CLANG_WARN_OBJC_IMPLICIT_RETAIN_SELF = YES;
				CLANG_WARN_OBJC_LITERAL_CONVERSION = YES;
				CLANG_WARN_OBJC_ROOT_CLASS = YES_ERROR;
				CLANG_WARN_QUOTED_INCLUDE_IN_FRAMEWORK_HEADER = YES;
				CLANG_WARN_RANGE_LOOP_ANALYSIS = YES;
				CLANG_WARN_STRICT_PROTOTYPES = YES;
				CLANG_WARN_SUSPICIOUS_MOVE = YES;
				CLANG_WARN_UNGUARDED_AVAILABILITY = YES_AGGRESSIVE;
				CLANG_WARN_UNREACHABLE_CODE = YES;
				CLANG_WARN__DUPLICATE_METHOD_MATCH = YES;
				COPY_PHASE_STRIP = NO;
				DEBUG_INFORMATION_FORMAT = "dwarf-with-dsym";
				ENABLE_NS_ASSERTIONS = NO;
				ENABLE_STRICT_OBJC_MSGSEND = YES;
				GCC_C_LANGUAGE_STANDARD = gnu11;
				GCC_NO_COMMON_BLOCKS = YES;
				GCC_WARN_64_TO_32_BIT_CONVERSION = YES;
				GCC_WARN_ABOUT_RETURN_TYPE = YES_ERROR;
				GCC_WARN_UNDECLARED_SELECTOR = YES;
				GCC_WARN_UNINITIALIZED_AUTOS = YES_AGGRESSIVE;
				GCC_WARN_UNUSED_FUNCTION = YES;
				GCC_WARN_UNUSED_VARIABLE = YES;
				IPHONEOS_DEPLOYMENT_TARGET = 15.0;
				MTL_ENABLE_DEBUG_INFO = NO;
				MTL_FAST_MATH = YES;
				SDKROOT = iphoneos;
				SWIFT_COMPILATION_MODE = wholemodule;
				SWIFT_OPTIMIZATION_LEVEL = "-O";
				VALIDATE_PRODUCT = YES;
			};
			name = Release;
		};
		BED5CD5929E01974008F5F8E /* Debug */ = {
			isa = XCBuildConfiguration;
			buildSettings = {
				ASSETCATALOG_COMPILER_APPICON_NAME = AppIcon;
				ASSETCATALOG_COMPILER_GLOBAL_ACCENT_COLOR_NAME = AccentColor;
				CODE_SIGN_STYLE = Automatic;
				CURRENT_PROJECT_VERSION = 1;
				DEVELOPMENT_ASSET_PATHS = "\"BirdRecogniser-iOS/Preview Content\"";
				DEVELOPMENT_TEAM = UKVUT9CN77;
				ENABLE_PREVIEWS = YES;
				GENERATE_INFOPLIST_FILE = YES;
				INFOPLIST_KEY_NSCameraUsageDescription = "We need the camera permission";
				INFOPLIST_KEY_NSPhotoLibraryUsageDescription = "We need the photo library permission";
				INFOPLIST_KEY_UIApplicationSceneManifest_Generation = YES;
				INFOPLIST_KEY_UIApplicationSupportsIndirectInputEvents = YES;
				INFOPLIST_KEY_UILaunchScreen_Generation = YES;
				INFOPLIST_KEY_UISupportedInterfaceOrientations = UIInterfaceOrientationPortrait;
				INFOPLIST_KEY_UISupportedInterfaceOrientations_iPad = "UIInterfaceOrientationLandscapeLeft UIInterfaceOrientationLandscapeRight UIInterfaceOrientationPortrait UIInterfaceOrientationPortraitUpsideDown";
				INFOPLIST_KEY_UIUserInterfaceStyle = Light;
				IPHONEOS_DEPLOYMENT_TARGET = 14.0;
				LD_RUNPATH_SEARCH_PATHS = (
					"$(inherited)",
					"@executable_path/Frameworks",
				);
				MARKETING_VERSION = 1.0;
				PRODUCT_BUNDLE_IDENTIFIER = "ZongZheng.Wang.BirdRecogniser-iOS";
				PRODUCT_NAME = "$(TARGET_NAME)";
				SWIFT_EMIT_LOC_STRINGS = YES;
				SWIFT_VERSION = 5.0;
				TARGETED_DEVICE_FAMILY = "1,2";
			};
			name = Debug;
		};
		BED5CD5A29E01974008F5F8E /* Release */ = {
			isa = XCBuildConfiguration;
			buildSettings = {
				ASSETCATALOG_COMPILER_APPICON_NAME = AppIcon;
				ASSETCATALOG_COMPILER_GLOBAL_ACCENT_COLOR_NAME = AccentColor;
				CODE_SIGN_STYLE = Automatic;
				CURRENT_PROJECT_VERSION = 1;
				DEVELOPMENT_ASSET_PATHS = "\"BirdRecogniser-iOS/Preview Content\"";
				DEVELOPMENT_TEAM = UKVUT9CN77;
				ENABLE_PREVIEWS = YES;
				GENERATE_INFOPLIST_FILE = YES;
				INFOPLIST_KEY_NSCameraUsageDescription = "We need the camera permission";
				INFOPLIST_KEY_NSPhotoLibraryUsageDescription = "We need the photo library permission";
				INFOPLIST_KEY_UIApplicationSceneManifest_Generation = YES;
				INFOPLIST_KEY_UIApplicationSupportsIndirectInputEvents = YES;
				INFOPLIST_KEY_UILaunchScreen_Generation = YES;
				INFOPLIST_KEY_UISupportedInterfaceOrientations = UIInterfaceOrientationPortrait;
				INFOPLIST_KEY_UISupportedInterfaceOrientations_iPad = "UIInterfaceOrientationLandscapeLeft UIInterfaceOrientationLandscapeRight UIInterfaceOrientationPortrait UIInterfaceOrientationPortraitUpsideDown";
				INFOPLIST_KEY_UIUserInterfaceStyle = Light;
				IPHONEOS_DEPLOYMENT_TARGET = 14.0;
				LD_RUNPATH_SEARCH_PATHS = (
					"$(inherited)",
					"@executable_path/Frameworks",
				);
				MARKETING_VERSION = 1.0;
				PRODUCT_BUNDLE_IDENTIFIER = "ZongZheng.Wang.BirdRecogniser-iOS";
				PRODUCT_NAME = "$(TARGET_NAME)";
				SWIFT_EMIT_LOC_STRINGS = YES;
				SWIFT_VERSION = 5.0;
				TARGETED_DEVICE_FAMILY = "1,2";
			};
			name = Release;
		};
		BED5CD5C29E01974008F5F8E /* Debug */ = {
			isa = XCBuildConfiguration;
			buildSettings = {
				ALWAYS_EMBED_SWIFT_STANDARD_LIBRARIES = YES;
				BUNDLE_LOADER = "$(TEST_HOST)";
				CODE_SIGN_STYLE = Automatic;
				CURRENT_PROJECT_VERSION = 1;
				DEVELOPMENT_TEAM = UKVUT9CN77;
				GENERATE_INFOPLIST_FILE = YES;
				IPHONEOS_DEPLOYMENT_TARGET = 16.2;
				MARKETING_VERSION = 1.0;
				PRODUCT_BUNDLE_IDENTIFIER = "ZongZheng.Wang.BirdRecogniser-iOSTests";
				PRODUCT_NAME = "$(TARGET_NAME)";
				SWIFT_EMIT_LOC_STRINGS = NO;
				SWIFT_VERSION = 5.0;
				TARGETED_DEVICE_FAMILY = "1,2";
				TEST_HOST = "$(BUILT_PRODUCTS_DIR)/BirdRecogniser-iOS.app/$(BUNDLE_EXECUTABLE_FOLDER_PATH)/BirdRecogniser-iOS";
			};
			name = Debug;
		};
		BED5CD5D29E01974008F5F8E /* Release */ = {
			isa = XCBuildConfiguration;
			buildSettings = {
				ALWAYS_EMBED_SWIFT_STANDARD_LIBRARIES = YES;
				BUNDLE_LOADER = "$(TEST_HOST)";
				CODE_SIGN_STYLE = Automatic;
				CURRENT_PROJECT_VERSION = 1;
				DEVELOPMENT_TEAM = UKVUT9CN77;
				GENERATE_INFOPLIST_FILE = YES;
				IPHONEOS_DEPLOYMENT_TARGET = 16.2;
				MARKETING_VERSION = 1.0;
				PRODUCT_BUNDLE_IDENTIFIER = "ZongZheng.Wang.BirdRecogniser-iOSTests";
				PRODUCT_NAME = "$(TARGET_NAME)";
				SWIFT_EMIT_LOC_STRINGS = NO;
				SWIFT_VERSION = 5.0;
				TARGETED_DEVICE_FAMILY = "1,2";
				TEST_HOST = "$(BUILT_PRODUCTS_DIR)/BirdRecogniser-iOS.app/$(BUNDLE_EXECUTABLE_FOLDER_PATH)/BirdRecogniser-iOS";
			};
			name = Release;
		};
		BED5CD5F29E01974008F5F8E /* Debug */ = {
			isa = XCBuildConfiguration;
			buildSettings = {
				ALWAYS_EMBED_SWIFT_STANDARD_LIBRARIES = YES;
				CODE_SIGN_STYLE = Automatic;
				CURRENT_PROJECT_VERSION = 1;
				DEVELOPMENT_TEAM = UKVUT9CN77;
				GENERATE_INFOPLIST_FILE = YES;
				MARKETING_VERSION = 1.0;
				PRODUCT_BUNDLE_IDENTIFIER = "ZongZheng.Wang.BirdRecogniser-iOSUITests";
				PRODUCT_NAME = "$(TARGET_NAME)";
				SWIFT_EMIT_LOC_STRINGS = NO;
				SWIFT_VERSION = 5.0;
				TARGETED_DEVICE_FAMILY = "1,2";
				TEST_TARGET_NAME = "BirdRecogniser-iOS";
			};
			name = Debug;
		};
		BED5CD6029E01974008F5F8E /* Release */ = {
			isa = XCBuildConfiguration;
			buildSettings = {
				ALWAYS_EMBED_SWIFT_STANDARD_LIBRARIES = YES;
				CODE_SIGN_STYLE = Automatic;
				CURRENT_PROJECT_VERSION = 1;
				DEVELOPMENT_TEAM = UKVUT9CN77;
				GENERATE_INFOPLIST_FILE = YES;
				MARKETING_VERSION = 1.0;
				PRODUCT_BUNDLE_IDENTIFIER = "ZongZheng.Wang.BirdRecogniser-iOSUITests";
				PRODUCT_NAME = "$(TARGET_NAME)";
				SWIFT_EMIT_LOC_STRINGS = NO;
				SWIFT_VERSION = 5.0;
				TARGETED_DEVICE_FAMILY = "1,2";
				TEST_TARGET_NAME = "BirdRecogniser-iOS";
			};
			name = Release;
		};
/* End XCBuildConfiguration section */

/* Begin XCConfigurationList section */
		BED5CD2F29E01973008F5F8E /* Build configuration list for PBXProject "BirdRecogniser-iOS" */ = {
			isa = XCConfigurationList;
			buildConfigurations = (
				BED5CD5629E01974008F5F8E /* Debug */,
				BED5CD5729E01974008F5F8E /* Release */,
			);
			defaultConfigurationIsVisible = 0;
			defaultConfigurationName = Release;
		};
		BED5CD5829E01974008F5F8E /* Build configuration list for PBXNativeTarget "BirdRecogniser-iOS" */ = {
			isa = XCConfigurationList;
			buildConfigurations = (
				BED5CD5929E01974008F5F8E /* Debug */,
				BED5CD5A29E01974008F5F8E /* Release */,
			);
			defaultConfigurationIsVisible = 0;
			defaultConfigurationName = Release;
		};
		BED5CD5B29E01974008F5F8E /* Build configuration list for PBXNativeTarget "BirdRecogniser-iOSTests" */ = {
			isa = XCConfigurationList;
			buildConfigurations = (
				BED5CD5C29E01974008F5F8E /* Debug */,
				BED5CD5D29E01974008F5F8E /* Release */,
			);
			defaultConfigurationIsVisible = 0;
			defaultConfigurationName = Release;
		};
		BED5CD5E29E01974008F5F8E /* Build configuration list for PBXNativeTarget "BirdRecogniser-iOSUITests" */ = {
			isa = XCConfigurationList;
			buildConfigurations = (
				BED5CD5F29E01974008F5F8E /* Debug */,
				BED5CD6029E01974008F5F8E /* Release */,
			);
			defaultConfigurationIsVisible = 0;
			defaultConfigurationName = Release;
		};
/* End XCConfigurationList section */
	};
	rootObject = BED5CD2C29E01973008F5F8E /* Project object */;
}
